
Microsoft Visual Studio Solution File, Format Version 11.00
# Visual Studio 2010
Project("{8BC9CEB8-8B4A-11D0-8D11-00A0C91BC942}") = "libzorpll", "libzorpll.vcxproj", "{79DDA3A3-A084-DC3B-B999-38EA6D9D9F4F}"
EndProject
Global
	GlobalSection(SolutionConfigurationPlatforms) = preSolution
		Debug|Win32 = Debug|Win32
		Release|Win32 = Release|Win32
	EndGlobalSection
	GlobalSection(ProjectConfigurationPlatforms) = postSolution
		{79DDA3A3-A084-DC3B-B999-38EA6D9D9F4F}.Debug|Win32.ActiveCfg = Debug|Win32
		{79DDA3A3-A084-DC3B-B999-38EA6D9D9F4F}.Debug|Win32.Build.0 = Debug|Win32
		{79DDA3A3-A084-DC3B-B999-38EA6D9D9F4F}.Release|Win32.ActiveCfg = Release|Win32
		{79DDA3A3-A084-DC3B-B999-38EA6D9D9F4F}.Release|Win32.Build.0 = Release|Win32
	EndGlobalSection
	GlobalSection(SolutionProperties) = preSolution
		HideSolutionNode = FALSE
	EndGlobalSection
EndGlobal
